{
  "name": "demo",
  "version": "1.0.0",
  "lockfileVersion": 1,
  "requires": true,
  "dependencies": {
    "gql-tag": {
      "version": "1.0.1",
      "resolved": "https://registry.npmjs.org/gql-tag/-/gql-tag-1.0.1.tgz",
      "integrity": "sha512-eVxldTiOtJJ3ySNgYbfRwyIyDDMATJ/ykojlQng5ihX1V0Xpr4C7ZXSZuWo7tg+kf+GS8lzhlbZmKSDjbYGhyA=="
    }
  }
}
